// !$*UTF8*$!
{
	archiveVersion = 1;
	classes = {
	};
	objectVersion = 50;
	objects = {

/* Begin PBXBuildFile section */
		18FF6ACF20D0194B00A54961 /* AppDelegate.swift in Sources */ = {isa = PBXBuildFile; fileRef = 18FF6ACE20D0194B00A54961 /* AppDelegate.swift */; };
		18FF6AD420D0194B00A54961 /* Main.storyboard in Resources */ = {isa = PBXBuildFile; fileRef = 18FF6AD220D0194B00A54961 /* Main.storyboard */; };
		18FF6AD620D0194C00A54961 /* Assets.xcassets in Resources */ = {isa = PBXBuildFile; fileRef = 18FF6AD520D0194C00A54961 /* Assets.xcassets */; };
		18FF6AD920D0194C00A54961 /* LaunchScreen.storyboard in Resources */ = {isa = PBXBuildFile; fileRef = 18FF6AD720D0194C00A54961 /* LaunchScreen.storyboard */; };
		18FF6AE320D019FA00A54961 /* DataService.swift in Sources */ = {isa = PBXBuildFile; fileRef = 18FF6AE120D019FA00A54961 /* DataService.swift */; };
		18FF6AE420D019FA00A54961 /* Champ.swift in Sources */ = {isa = PBXBuildFile; fileRef = 18FF6AE220D019FA00A54961 /* Champ.swift */; };
		18FF6AE920D01A2500A54961 /* TableViewController.swift in Sources */ = {isa = PBXBuildFile; fileRef = 18FF6AE520D01A2500A54961 /* TableViewController.swift */; };
		18FF6AEA20D01A2500A54961 /* Extension Uiimage.swift in Sources */ = {isa = PBXBuildFile; fileRef = 18FF6AE620D01A2500A54961 /* Extension Uiimage.swift */; };
		18FF6AEB20D01A2500A54961 /* TableViewCell.swift in Sources */ = {isa = PBXBuildFile; fileRef = 18FF6AE720D01A2500A54961 /* TableViewCell.swift */; };
		18FF6AEC20D01A2500A54961 /* Extension UIView.swift in Sources */ = {isa = PBXBuildFile; fileRef = 18FF6AE820D01A2500A54961 /* Extension UIView.swift */; };
/* End PBXBuildFile section */

/* Begin PBXFileReference section */
		18FF6ACB20D0194B00A54961 /* Champ.app */ = {isa = PBXFileReference; explicitFileType = wrapper.application; includeInIndex = 0; path = Champ.app; sourceTree = BUILT_PRODUCTS_DIR; };
		18FF6ACE20D0194B00A54961 /* AppDelegate.swift */ = {isa = PBXFileReference; lastKnownFileType = sourcecode.swift; path = AppDelegate.swift; sourceTree = "<group>"; };
		18FF6AD320D0194B00A54961 /* Base */ = {isa = PBXFileReference; lastKnownFileType = file.storyboard; name = Base; path = Base.lproj/Main.storyboard; sourceTree = "<group>"; };
		18FF6AD520D0194C00A54961 /* Assets.xcassets */ = {isa = PBXFileReference; lastKnownFileType = folder.assetcatalog; path = Assets.xcassets; sourceTree = "<group>"; };
		18FF6AD820D0194C00A54961 /* Base */ = {isa = PBXFileReference; lastKnownFileType = file.storyboard; name = Base; path = Base.lproj/LaunchScreen.storyboard; sourceTree = "<group>"; };
		18FF6ADA20D0194C00A54961 /* Info.plist */ = {isa = PBXFileReference; lastKnownFileType = text.plist.xml; path = Info.plist; sourceTree = "<group>"; };
		18FF6AE120D019FA00A54961 /* DataService.swift */ = {isa = PBXFileReference; fileEncoding = 4; lastKnownFileType = sourcecode.swift; path = DataService.swift; sourceTree = "<group>"; };
		18FF6AE220D019FA00A54961 /* Champ.swift */ = {isa = PBXFileReference; fileEncoding = 4; lastKnownFileType = sourcecode.swift; path = Champ.swift; sourceTree = "<group>"; };
		18FF6AE520D01A2500A54961 /* TableViewController.swift */ = {isa = PBXFileReference; fileEncoding = 4; lastKnownFileType = sourcecode.swift; path = TableViewController.swift; sourceTree = "<group>"; };
		18FF6AE620D01A2500A54961 /* Extension Uiimage.swift */ = {isa = PBXFileReference; fileEncoding = 4; lastKnownFileType = sourcecode.swift; path = "Extension Uiimage.swift"; sourceTree = "<group>"; };
		18FF6AE720D01A2500A54961 /* TableViewCell.swift */ = {isa = PBXFileReference; fileEncoding = 4; lastKnownFileType = sourcecode.swift; path = TableViewCell.swift; sourceTree = "<group>"; };
		18FF6AE820D01A2500A54961 /* Extension UIView.swift */ = {isa = PBXFileReference; fileEncoding = 4; lastKnownFileType = sourcecode.swift; path = "Extension UIView.swift"; sourceTree = "<group>"; };
/* End PBXFileReference section */

/* Begin PBXFrameworksBuildPhase section */
		18FF6AC820D0194B00A54961 /* Frameworks */ = {
			isa = PBXFrameworksBuildPhase;
			buildActionMask = 2147483647;
			files = (
			);
			runOnlyForDeploymentPostprocessing = 0;
		};
/* End PBXFrameworksBuildPhase section */

/* Begin PBXGroup section */
		18FF6AC220D0194B00A54961 = {
			isa = PBXGroup;
			children = (
				18FF6ACD20D0194B00A54961 /* Champ */,
				18FF6ACC20D0194B00A54961 /* Products */,
			);
			sourceTree = "<group>";
		};
		18FF6ACC20D0194B00A54961 /* Products */ = {
			isa = PBXGroup;
			children = (
				18FF6ACB20D0194B00A54961 /* Champ.app */,
			);
			name = Products;
			sourceTree = "<group>";
		};
		18FF6ACD20D0194B00A54961 /* Champ */ = {
			isa = PBXGroup;
			children = (
				18FF6ACE20D0194B00A54961 /* AppDelegate.swift */,
				18FF6AEE20D01A3700A54961 /* Utilities + Extension */,
				18FF6AED20D01A3000A54961 /* View */,
				18FF6AEF20D01A4800A54961 /* Controller */,
				18FF6AE020D019FA00A54961 /* Model */,
				18FF6AD220D0194B00A54961 /* Main.storyboard */,
				18FF6AD520D0194C00A54961 /* Assets.xcassets */,
				18FF6AD720D0194C00A54961 /* LaunchScreen.storyboard */,
				18FF6ADA20D0194C00A54961 /* Info.plist */,
			);
			path = Champ;
			sourceTree = "<group>";
		};
		18FF6AE020D019FA00A54961 /* Model */ = {
			isa = PBXGroup;
			children = (
				18FF6AE120D019FA00A54961 /* DataService.swift */,
				18FF6AE220D019FA00A54961 /* Champ.swift */,
			);
			path = Model;
			sourceTree = "<group>";
		};
		18FF6AED20D01A3000A54961 /* View */ = {
			isa = PBXGroup;
			children = (
				18FF6AE720D01A2500A54961 /* TableViewCell.swift */,
			);
			path = View;
			sourceTree = "<group>";
		};
		18FF6AEE20D01A3700A54961 /* Utilities + Extension */ = {
			isa = PBXGroup;
			children = (
				18FF6AE620D01A2500A54961 /* Extension Uiimage.swift */,
				18FF6AE820D01A2500A54961 /* Extension UIView.swift */,
			);
			path = "Utilities + Extension";
			sourceTree = "<group>";
		};
		18FF6AEF20D01A4800A54961 /* Controller */ = {
			isa = PBXGroup;
			children = (
				18FF6AE520D01A2500A54961 /* TableViewController.swift */,
			);
			path = Controller;
			sourceTree = "<group>";
		};
/* End PBXGroup section */

/* Begin PBXNativeTarget section */
		18FF6ACA20D0194B00A54961 /* Champ */ = {
			isa = PBXNativeTarget;
			buildConfigurationList = 18FF6ADD20D0194C00A54961 /* Build configuration list for PBXNativeTarget "Champ" */;
			buildPhases = (
				18FF6AC720D0194B00A54961 /* Sources */,
				18FF6AC820D0194B00A54961 /* Frameworks */,
				18FF6AC920D0194B00A54961 /* Resources */,
			);
			buildRules = (
			);
			dependencies = (
			);
			name = Champ;
			productName = Champ;
			productReference = 18FF6ACB20D0194B00A54961 /* Champ.app */;
			productType = "com.apple.product-type.application";
		};
/* End PBXNativeTarget section */

/* Begin PBXProject section */
		18FF6AC320D0194B00A54961 /* Project object */ = {
			isa = PBXProject;
			attributes = {
				LastSwiftUpdateCheck = 0940;
				LastUpgradeCheck = 0940;
				ORGANIZATIONNAME = Apple;
				TargetAttributes = {
					18FF6ACA20D0194B00A54961 = {
						CreatedOnToolsVersion = 9.4;
					};
				};
			};
			buildConfigurationList = 18FF6AC620D0194B00A54961 /* Build configuration list for PBXProject "Champ" */;
			compatibilityVersion = "Xcode 9.3";
			developmentRegion = en;
			hasScannedForEncodings = 0;
			knownRegions = (
				en,
				Base,
			);
			mainGroup = 18FF6AC220D0194B00A54961;
			productRefGroup = 18FF6ACC20D0194B00A54961 /* Products */;
			projectDirPath = "";
			projectRoot = "";
			targets = (
				18FF6ACA20D0194B00A54961 /* Champ */,
			);
		};
/* End PBXProject section */

/* Begin PBXResourcesBuildPhase section */
		18FF6AC920D0194B00A54961 /* Resources */ = {
			isa = PBXResourcesBuildPhase;
			buildActionMask = 2147483647;
			files = (
				18FF6AD920D0194C00A54961 /* LaunchScreen.storyboard in Resources */,
				18FF6AD620D0194C00A54961 /* Assets.xcassets in Resources */,
				18FF6AD420D0194B00A54961 /* Main.storyboard in Resources */,
			);
			runOnlyForDeploymentPostprocessing = 0;
		};
/* End PBXResourcesBuildPhase section */

/* Begin PBXSourcesBuildPhase section */
		18FF6AC720D0194B00A54961 /* Sources */ = {
			isa = PBXSourcesBuildPhase;
			buildActionMask = 2147483647;
			files = (
				18FF6AEA20D01A2500A54961 /* Extension Uiimage.swift in Sources */,
				18FF6AE320D019FA00A54961 /* DataService.swift in Sources */,
				18FF6ACF20D0194B00A54961 /* AppDelegate.swift in Sources */,
				18FF6AEB20D01A2500A54961 /* TableViewCell.swift in Sources */,
				18FF6AE420D019FA00A54961 /* Champ.swift in Sources */,
				18FF6AE920D01A2500A54961 /* TableViewController.swift in Sources */,
				18FF6AEC20D01A2500A54961 /* Extension UIView.swift in Sources */,
			);
			runOnlyForDeploymentPostprocessing = 0;
		};
/* End PBXSourcesBuildPhase section */

/* Begin PBXVariantGroup section */
		18FF6AD220D0194B00A54961 /* Main.storyboard */ = {
			isa = PBXVariantGroup;
			children = (
				18FF6AD320D0194B00A54961 /* Base */,
			);
			name = Main.storyboard;
			sourceTree = "<group>";
		};
		18FF6AD720D0194C00A54961 /* LaunchScreen.storyboard */ = {
			isa = PBXVariantGroup;
			children = (
				18FF6AD820D0194C00A54961 /* Base */,
			);
			name = LaunchScreen.storyboard;
			sourceTree = "<group>";
		};
/* End PBXVariantGroup section */

/* Begin XCBuildConfiguration section */
		18FF6ADB20D0194C00A54961 /* Debug */ = {
			isa = XCBuildConfiguration;
			buildSettings = {
				ALWAYS_SEARCH_USER_PATHS = NO;
				CLANG_ANALYZER_NONNULL = YES;
				CLANG_ANALYZER_NUMBER_OBJECT_CONVERSION = YES_AGGRESSIVE;
				CLANG_CXX_LANGUAGE_STANDARD = "gnu++14";
				CLANG_CXX_LIBRARY = "libc++";
				CLANG_ENABLE_MODULES = YES;
				CLANG_ENABLE_OBJC_ARC = YES;
				CLANG_ENABLE_OBJC_WEAK = YES;
				CLANG_WARN_BLOCK_CAPTURE_AUTORELEASING = YES;
				CLANG_WARN_BOOL_CONVERSION = YES;
				CLANG_WARN_COMMA = YES;
				CLANG_WARN_CONSTANT_CONVERSION = YES;
				CLANG_WARN_DEPRECATED_OBJC_IMPLEMENTATIONS = YES;
				CLANG_WARN_DIRECT_OBJC_ISA_USAGE = YES_ERROR;
				CLANG_WARN_DOCUMENTATION_COMMENTS = YES;
				CLANG_WARN_EMPTY_BODY = YES;
				CLANG_WARN_ENUM_CONVERSION = YES;
				CLANG_WARN_INFINITE_RECURSION = YES;
				CLANG_WARN_INT_CONVERSION = YES;
				CLANG_WARN_NON_LITERAL_NULL_CONVERSION = YES;
				CLANG_WARN_OBJC_IMPLICIT_RETAIN_SELF = YES;
				CLANG_WARN_OBJC_LITERAL_CONVERSION = YES;
				CLANG_WARN_OBJC_ROOT_CLASS = YES_ERROR;
				CLANG_WARN_RANGE_LOOP_ANALYSIS = YES;
				CLANG_WARN_STRICT_PROTOTYPES = YES;
				CLANG_WARN_SUSPICIOUS_MOVE = YES;
				CLANG_WARN_UNGUARDED_AVAILABILITY = YES_AGGRESSIVE;
				CLANG_WARN_UNREACHABLE_CODE = YES;
				CLANG_WARN__DUPLICATE_METHOD_MATCH = YES;
				CODE_SIGN_IDENTITY = "iPhone Developer";
				COPY_PHASE_STRIP = NO;
				DEBUG_INFORMATION_FORMAT = dwarf;
				ENABLE_STRICT_OBJC_MSGSEND = YES;
				ENABLE_TESTABILITY = YES;
				GCC_C_LANGUAGE_STANDARD = gnu11;
				GCC_DYNAMIC_NO_PIC = NO;
				GCC_NO_COMMON_BLOCKS = YES;
				GCC_OPTIMIZATION_LEVEL = 0;
				GCC_PREPROCESSOR_DEFINITIONS = (
					"DEBUG=1",
					"$(inherited)",
				);
				GCC_WARN_64_TO_32_BIT_CONVERSION = YES;
				GCC_WARN_ABOUT_RETURN_TYPE = YES_ERROR;
				GCC_WARN_UNDECLARED_SELECTOR = YES;
				GCC_WARN_UNINITIALIZED_AUTOS = YES_AGGRESSIVE;
				GCC_WARN_UNUSED_FUNCTION = YES;
				GCC_WARN_UNUSED_VARIABLE = YES;
				IPHONEOS_DEPLOYMENT_TARGET = 11.4;
				MTL_ENABLE_DEBUG_INFO = YES;
				ONLY_ACTIVE_ARCH = YES;
				SDKROOT = iphoneos;
				SWIFT_ACTIVE_COMPILATION_CONDITIONS = DEBUG;
				SWIFT_OPTIMIZATION_LEVEL = "-Onone";
			};
			name = Debug;
		};
		18FF6ADC20D0194C00A54961 /* Release */ = {
			isa = XCBuildConfiguration;
			buildSettings = {
				ALWAYS_SEARCH_USER_PATHS = NO;
				CLANG_ANALYZER_NONNULL = YES;
				CLANG_ANALYZER_NUMBER_OBJECT_CONVERSION = YES_AGGRESSIVE;
				CLANG_CXX_LANGUAGE_STANDARD = "gnu++14";
				CLANG_CXX_LIBRARY = "libc++";
				CLANG_ENABLE_MODULES = YES;
				CLANG_ENABLE_OBJC_ARC = YES;
				CLANG_ENABLE_OBJC_WEAK = YES;
				CLANG_WARN_BLOCK_CAPTURE_AUTORELEASING = YES;
				CLANG_WARN_BOOL_CONVERSION = YES;
				CLANG_WARN_COMMA = YES;
				CLANG_WARN_CONSTANT_CONVERSION = YES;
				CLANG_WARN_DEPRECATED_OBJC_IMPLEMENTATIONS = YES;
				CLANG_WARN_DIRECT_OBJC_ISA_USAGE = YES_ERROR;
				CLANG_WARN_DOCUMENTATION_COMMENTS = YES;
				CLANG_WARN_EMPTY_BODY = YES;
				CLANG_WARN_ENUM_CONVERSION = YES;
				CLANG_WARN_INFINITE_RECURSION = YES;
				CLANG_WARN_INT_CONVERSION = YES;
				CLANG_WARN_NON_LITERAL_NULL_CONVERSION = YES;
				CLANG_WARN_OBJC_IMPLICIT_RETAIN_SELF = YES;
				CLANG_WARN_OBJC_LITERAL_CONVERSION = YES;
				CLANG_WARN_OBJC_ROOT_CLASS = YES_ERROR;
				CLANG_WARN_RANGE_LOOP_ANALYSIS = YES;
				CLANG_WARN_STRICT_PROTOTYPES = YES;
				CLANG_WARN_SUSPICIOUS_MOVE = YES;
				CLANG_WARN_UNGUARDED_AVAILABILITY = YES_AGGRESSIVE;
				CLANG_WARN_UNREACHABLE_CODE = YES;
				CLANG_WARN__DUPLICATE_METHOD_MATCH = YES;
				CODE_SIGN_IDENTITY = "iPhone Developer";
				COPY_PHASE_STRIP = NO;
				DEBUG_INFORMATION_FORMAT = "dwarf-with-dsym";
				ENABLE_NS_ASSERTIONS = NO;
				ENABLE_STRICT_OBJC_MSGSEND = YES;
				GCC_C_LANGUAGE_STANDARD = gnu11;
				GCC_NO_COMMON_BLOCKS = YES;
				GCC_WARN_64_TO_32_BIT_CONVERSION = YES;
				GCC_WARN_ABOUT_RETURN_TYPE = YES_ERROR;
				GCC_WARN_UNDECLARED_SELECTOR = YES;
				GCC_WARN_UNINITIALIZED_AUTOS = YES_AGGRESSIVE;
				GCC_WARN_UNUSED_FUNCTION = YES;
				GCC_WARN_UNUSED_VARIABLE = YES;
				IPHONEOS_DEPLOYMENT_TARGET = 11.4;
				MTL_ENABLE_DEBUG_INFO = NO;
				SDKROOT = iphoneos;
				SWIFT_COMPILATION_MODE = wholemodule;
				SWIFT_OPTIMIZATION_LEVEL = "-O";
				VALIDATE_PRODUCT = YES;
			};
			name = Release;
		};
		18FF6ADE20D0194C00A54961 /* Debug */ = {
			isa = XCBuildConfiguration;
			buildSettings = {
				ASSETCATALOG_COMPILER_APPICON_NAME = AppIcon;
				CODE_SIGN_STYLE = Automatic;
				INFOPLIST_FILE = Champ/Info.plist;
				LD_RUNPATH_SEARCH_PATHS = (
					"$(inherited)",
					"@executable_path/Frameworks",
				);
				PRODUCT_BUNDLE_IDENTIFIER = com.LuyenMP.BigZero.Champ;
				PRODUCT_NAME = "$(TARGET_NAME)";
				SWIFT_VERSION = 4.0;
				TARGETED_DEVICE_FAMILY = "1,2";
			};
			name = Debug;
		};
		18FF6ADF20D0194C00A54961 /* Release */ = {
			isa = XCBuildConfiguration;
			buildSettings = {
				ASSETCATALOG_COMPILER_APPICON_NAME = AppIcon;
				CODE_SIGN_STYLE = Automatic;
				INFOPLIST_FILE = Champ/Info.plist;
				LD_RUNPATH_SEARCH_PATHS = (
					"$(inherited)",
					"@executable_path/Frameworks",
				);
				PRODUCT_BUNDLE_IDENTIFIER = com.LuyenMP.BigZero.Champ;
				PRODUCT_NAME = "$(TARGET_NAME)";
				SWIFT_VERSION = 4.0;
				TARGETED_DEVICE_FAMILY = "1,2";
			};
			name = Release;
		};
/* End XCBuildConfiguration section */

/* Begin XCConfigurationList section */
		18FF6AC620D0194B00A54961 /* Build configuration list for PBXProject "Champ" */ = {
			isa = XCConfigurationList;
			buildConfigurations = (
				18FF6ADB20D0194C00A54961 /* Debug */,
				18FF6ADC20D0194C00A54961 /* Release */,
			);
			defaultConfigurationIsVisible = 0;
			defaultConfigurationName = Release;
		};
		18FF6ADD20D0194C00A54961 /* Build configuration list for PBXNativeTarget "Champ" */ = {
			isa = XCConfigurationList;
			buildConfigurations = (
				18FF6ADE20D0194C00A54961 /* Debug */,
				18FF6ADF20D0194C00A54961 /* Release */,
			);
			defaultConfigurationIsVisible = 0;
			defaultConfigurationName = Release;
		};
/* End XCConfigurationList section */
	};
	rootObject = 18FF6AC320D0194B00A54961 /* Project object */;
}
